// !$*UTF8*$!
{
	archiveVersion = 1;
	classes = {
	};
	objectVersion = 50;
	objects = {

/* Begin PBXBuildFile section */
		8C1F24832306E66C00A3BB0F /* AppDelegate.swift in Sources */ = {isa = PBXBuildFile; fileRef = 8C1F24822306E66C00A3BB0F /* AppDelegate.swift */; };
		8C1F248A2306E66C00A3BB0F /* Main.storyboard in Resources */ = {isa = PBXBuildFile; fileRef = 8C1F24882306E66C00A3BB0F /* Main.storyboard */; };
		8C1F248C2306E67200A3BB0F /* Assets.xcassets in Resources */ = {isa = PBXBuildFile; fileRef = 8C1F248B2306E67200A3BB0F /* Assets.xcassets */; };
		8C1F248F2306E67200A3BB0F /* LaunchScreen.storyboard in Resources */ = {isa = PBXBuildFile; fileRef = 8C1F248D2306E67200A3BB0F /* LaunchScreen.storyboard */; };
		8C1F249A2306E67200A3BB0F /* ECF_AppTests.swift in Sources */ = {isa = PBXBuildFile; fileRef = 8C1F24992306E67200A3BB0F /* ECF_AppTests.swift */; };
		8C1F24A52306E67300A3BB0F /* ECF_AppUITests.swift in Sources */ = {isa = PBXBuildFile; fileRef = 8C1F24A42306E67300A3BB0F /* ECF_AppUITests.swift */; };
		8C1F24B32306EE2E00A3BB0F /* Singleton.swift in Sources */ = {isa = PBXBuildFile; fileRef = 8C1F24B22306EE2E00A3BB0F /* Singleton.swift */; };
		8C1F24B52306F24E00A3BB0F /* DataLoadViewController.swift in Sources */ = {isa = PBXBuildFile; fileRef = 8C1F24B42306F24D00A3BB0F /* DataLoadViewController.swift */; };
		8C1F24B92306F2CE00A3BB0F /* grades201907.csv in Resources */ = {isa = PBXBuildFile; fileRef = 8C1F24B72306F2CE00A3BB0F /* grades201907.csv */; };
		8C1F24BA2306F2CE00A3BB0F /* grades201901.csv in Resources */ = {isa = PBXBuildFile; fileRef = 8C1F24B82306F2CE00A3BB0F /* grades201901.csv */; };
		8C5C2A7E23080D88002D4201 /* ProfileViewController.swift in Sources */ = {isa = PBXBuildFile; fileRef = 8C5C2A7D23080D88002D4201 /* ProfileViewController.swift */; };
		8C5C2A8023082E38002D4201 /* ScoresTableViewCell.swift in Sources */ = {isa = PBXBuildFile; fileRef = 8C5C2A7F23082E38002D4201 /* ScoresTableViewCell.swift */; };
		8C5C2A8223083EAC002D4201 /* ClubCollectionViewCell.swift in Sources */ = {isa = PBXBuildFile; fileRef = 8C5C2A8123083EAC002D4201 /* ClubCollectionViewCell.swift */; };
		8C5C2A8423083FBB002D4201 /* SettingsViewController.swift in Sources */ = {isa = PBXBuildFile; fileRef = 8C5C2A8323083FBB002D4201 /* SettingsViewController.swift */; };
/* End PBXBuildFile section */

/* Begin PBXContainerItemProxy section */
		8C1F24962306E67200A3BB0F /* PBXContainerItemProxy */ = {
			isa = PBXContainerItemProxy;
			containerPortal = 8C1F24772306E66C00A3BB0F /* Project object */;
			proxyType = 1;
			remoteGlobalIDString = 8C1F247E2306E66C00A3BB0F;
			remoteInfo = "ECF App";
		};
		8C1F24A12306E67300A3BB0F /* PBXContainerItemProxy */ = {
			isa = PBXContainerItemProxy;
			containerPortal = 8C1F24772306E66C00A3BB0F /* Project object */;
			proxyType = 1;
			remoteGlobalIDString = 8C1F247E2306E66C00A3BB0F;
			remoteInfo = "ECF App";
		};
/* End PBXContainerItemProxy section */

/* Begin PBXFileReference section */
		8C1F247F2306E66C00A3BB0F /* ECF App.app */ = {isa = PBXFileReference; explicitFileType = wrapper.application; includeInIndex = 0; path = "ECF App.app"; sourceTree = BUILT_PRODUCTS_DIR; };
		8C1F24822306E66C00A3BB0F /* AppDelegate.swift */ = {isa = PBXFileReference; lastKnownFileType = sourcecode.swift; path = AppDelegate.swift; sourceTree = "<group>"; };
		8C1F24892306E66C00A3BB0F /* Base */ = {isa = PBXFileReference; lastKnownFileType = file.storyboard; name = Base; path = Base.lproj/Main.storyboard; sourceTree = "<group>"; };
		8C1F248B2306E67200A3BB0F /* Assets.xcassets */ = {isa = PBXFileReference; lastKnownFileType = folder.assetcatalog; path = Assets.xcassets; sourceTree = "<group>"; };
		8C1F248E2306E67200A3BB0F /* Base */ = {isa = PBXFileReference; lastKnownFileType = file.storyboard; name = Base; path = Base.lproj/LaunchScreen.storyboard; sourceTree = "<group>"; };
		8C1F24902306E67200A3BB0F /* Info.plist */ = {isa = PBXFileReference; lastKnownFileType = text.plist.xml; path = Info.plist; sourceTree = "<group>"; };
		8C1F24952306E67200A3BB0F /* ECF AppTests.xctest */ = {isa = PBXFileReference; explicitFileType = wrapper.cfbundle; includeInIndex = 0; path = "ECF AppTests.xctest"; sourceTree = BUILT_PRODUCTS_DIR; };
		8C1F24992306E67200A3BB0F /* ECF_AppTests.swift */ = {isa = PBXFileReference; lastKnownFileType = sourcecode.swift; path = ECF_AppTests.swift; sourceTree = "<group>"; };
		8C1F249B2306E67300A3BB0F /* Info.plist */ = {isa = PBXFileReference; lastKnownFileType = text.plist.xml; path = Info.plist; sourceTree = "<group>"; };
		8C1F24A02306E67300A3BB0F /* ECF AppUITests.xctest */ = {isa = PBXFileReference; explicitFileType = wrapper.cfbundle; includeInIndex = 0; path = "ECF AppUITests.xctest"; sourceTree = BUILT_PRODUCTS_DIR; };
		8C1F24A42306E67300A3BB0F /* ECF_AppUITests.swift */ = {isa = PBXFileReference; lastKnownFileType = sourcecode.swift; path = ECF_AppUITests.swift; sourceTree = "<group>"; };
		8C1F24A62306E67300A3BB0F /* Info.plist */ = {isa = PBXFileReference; lastKnownFileType = text.plist.xml; path = Info.plist; sourceTree = "<group>"; };
		8C1F24B22306EE2E00A3BB0F /* Singleton.swift */ = {isa = PBXFileReference; lastKnownFileType = sourcecode.swift; path = Singleton.swift; sourceTree = "<group>"; };
		8C1F24B42306F24D00A3BB0F /* DataLoadViewController.swift */ = {isa = PBXFileReference; lastKnownFileType = sourcecode.swift; path = DataLoadViewController.swift; sourceTree = "<group>"; };
		8C1F24B72306F2CE00A3BB0F /* grades201907.csv */ = {isa = PBXFileReference; fileEncoding = 4; lastKnownFileType = text; name = grades201907.csv; path = ../../../../../../Downloads/grades201907.csv; sourceTree = "<group>"; };
		8C1F24B82306F2CE00A3BB0F /* grades201901.csv */ = {isa = PBXFileReference; fileEncoding = 4; lastKnownFileType = text; name = grades201901.csv; path = ../../../../../../Downloads/grades201901.csv; sourceTree = "<group>"; };
		8C5C2A7D23080D88002D4201 /* ProfileViewController.swift */ = {isa = PBXFileReference; lastKnownFileType = sourcecode.swift; path = ProfileViewController.swift; sourceTree = "<group>"; };
		8C5C2A7F23082E38002D4201 /* ScoresTableViewCell.swift */ = {isa = PBXFileReference; lastKnownFileType = sourcecode.swift; path = ScoresTableViewCell.swift; sourceTree = "<group>"; };
		8C5C2A8123083EAC002D4201 /* ClubCollectionViewCell.swift */ = {isa = PBXFileReference; lastKnownFileType = sourcecode.swift; path = ClubCollectionViewCell.swift; sourceTree = "<group>"; };
		8C5C2A8323083FBB002D4201 /* SettingsViewController.swift */ = {isa = PBXFileReference; lastKnownFileType = sourcecode.swift; path = SettingsViewController.swift; sourceTree = "<group>"; };
/* End PBXFileReference section */

/* Begin PBXFrameworksBuildPhase section */
		8C1F247C2306E66C00A3BB0F /* Frameworks */ = {
			isa = PBXFrameworksBuildPhase;
			buildActionMask = 2147483647;
			files = (
			);
			runOnlyForDeploymentPostprocessing = 0;
		};
		8C1F24922306E67200A3BB0F /* Frameworks */ = {
			isa = PBXFrameworksBuildPhase;
			buildActionMask = 2147483647;
			files = (
			);
			runOnlyForDeploymentPostprocessing = 0;
		};
		8C1F249D2306E67300A3BB0F /* Frameworks */ = {
			isa = PBXFrameworksBuildPhase;
			buildActionMask = 2147483647;
			files = (
			);
			runOnlyForDeploymentPostprocessing = 0;
		};
/* End PBXFrameworksBuildPhase section */

/* Begin PBXGroup section */
		8C1F24762306E66C00A3BB0F = {
			isa = PBXGroup;
			children = (
				8C1F24812306E66C00A3BB0F /* ECF App */,
				8C1F24982306E67200A3BB0F /* ECF AppTests */,
				8C1F24A32306E67300A3BB0F /* ECF AppUITests */,
				8C1F24802306E66C00A3BB0F /* Products */,
			);
			sourceTree = "<group>";
		};
		8C1F24802306E66C00A3BB0F /* Products */ = {
			isa = PBXGroup;
			children = (
				8C1F247F2306E66C00A3BB0F /* ECF App.app */,
				8C1F24952306E67200A3BB0F /* ECF AppTests.xctest */,
				8C1F24A02306E67300A3BB0F /* ECF AppUITests.xctest */,
			);
			name = Products;
			sourceTree = "<group>";
		};
		8C1F24812306E66C00A3BB0F /* ECF App */ = {
			isa = PBXGroup;
			children = (
				8C1F24B62306F2BA00A3BB0F /* CSVs */,
				8C1F24822306E66C00A3BB0F /* AppDelegate.swift */,
				8C1F24882306E66C00A3BB0F /* Main.storyboard */,
				8C5C2A8323083FBB002D4201 /* SettingsViewController.swift */,
				8C5C2A8123083EAC002D4201 /* ClubCollectionViewCell.swift */,
				8C5C2A7F23082E38002D4201 /* ScoresTableViewCell.swift */,
				8C5C2A7D23080D88002D4201 /* ProfileViewController.swift */,
				8C1F248B2306E67200A3BB0F /* Assets.xcassets */,
				8C1F248D2306E67200A3BB0F /* LaunchScreen.storyboard */,
				8C1F24B42306F24D00A3BB0F /* DataLoadViewController.swift */,
				8C1F24902306E67200A3BB0F /* Info.plist */,
				8C1F24B22306EE2E00A3BB0F /* Singleton.swift */,
			);
			path = "ECF App";
			sourceTree = "<group>";
		};
		8C1F24982306E67200A3BB0F /* ECF AppTests */ = {
			isa = PBXGroup;
			children = (
				8C1F24992306E67200A3BB0F /* ECF_AppTests.swift */,
				8C1F249B2306E67300A3BB0F /* Info.plist */,
			);
			path = "ECF AppTests";
			sourceTree = "<group>";
		};
		8C1F24A32306E67300A3BB0F /* ECF AppUITests */ = {
			isa = PBXGroup;
			children = (
				8C1F24A42306E67300A3BB0F /* ECF_AppUITests.swift */,
				8C1F24A62306E67300A3BB0F /* Info.plist */,
			);
			path = "ECF AppUITests";
			sourceTree = "<group>";
		};
		8C1F24B62306F2BA00A3BB0F /* CSVs */ = {
			isa = PBXGroup;
			children = (
				8C1F24B82306F2CE00A3BB0F /* grades201901.csv */,
				8C1F24B72306F2CE00A3BB0F /* grades201907.csv */,
			);
			path = CSVs;
			sourceTree = "<group>";
		};
/* End PBXGroup section */

/* Begin PBXNativeTarget section */
		8C1F247E2306E66C00A3BB0F /* ECF App */ = {
			isa = PBXNativeTarget;
			buildConfigurationList = 8C1F24A92306E67300A3BB0F /* Build configuration list for PBXNativeTarget "ECF App" */;
			buildPhases = (
				8C1F247B2306E66C00A3BB0F /* Sources */,
				8C1F247C2306E66C00A3BB0F /* Frameworks */,
				8C1F247D2306E66C00A3BB0F /* Resources */,
			);
			buildRules = (
			);
			dependencies = (
			);
			name = "ECF App";
			productName = "ECF App";
			productReference = 8C1F247F2306E66C00A3BB0F /* ECF App.app */;
			productType = "com.apple.product-type.application";
		};
		8C1F24942306E67200A3BB0F /* ECF AppTests */ = {
			isa = PBXNativeTarget;
			buildConfigurationList = 8C1F24AC2306E67300A3BB0F /* Build configuration list for PBXNativeTarget "ECF AppTests" */;
			buildPhases = (
				8C1F24912306E67200A3BB0F /* Sources */,
				8C1F24922306E67200A3BB0F /* Frameworks */,
				8C1F24932306E67200A3BB0F /* Resources */,
			);
			buildRules = (
			);
			dependencies = (
				8C1F24972306E67200A3BB0F /* PBXTargetDependency */,
			);
			name = "ECF AppTests";
			productName = "ECF AppTests";
			productReference = 8C1F24952306E67200A3BB0F /* ECF AppTests.xctest */;
			productType = "com.apple.product-type.bundle.unit-test";
		};
		8C1F249F2306E67300A3BB0F /* ECF AppUITests */ = {
			isa = PBXNativeTarget;
			buildConfigurationList = 8C1F24AF2306E67300A3BB0F /* Build configuration list for PBXNativeTarget "ECF AppUITests" */;
			buildPhases = (
				8C1F249C2306E67300A3BB0F /* Sources */,
				8C1F249D2306E67300A3BB0F /* Frameworks */,
				8C1F249E2306E67300A3BB0F /* Resources */,
			);
			buildRules = (
			);
			dependencies = (
				8C1F24A22306E67300A3BB0F /* PBXTargetDependency */,
			);
			name = "ECF AppUITests";
			productName = "ECF AppUITests";
			productReference = 8C1F24A02306E67300A3BB0F /* ECF AppUITests.xctest */;
			productType = "com.apple.product-type.bundle.ui-testing";
		};
/* End PBXNativeTarget section */

/* Begin PBXProject section */
		8C1F24772306E66C00A3BB0F /* Project object */ = {
			isa = PBXProject;
			attributes = {
				LastSwiftUpdateCheck = 1010;
				LastUpgradeCheck = 1010;
				ORGANIZATIONNAME = "Bhuvan Belur";
				TargetAttributes = {
					8C1F247E2306E66C00A3BB0F = {
						CreatedOnToolsVersion = 10.1;
					};
					8C1F24942306E67200A3BB0F = {
						CreatedOnToolsVersion = 10.1;
						TestTargetID = 8C1F247E2306E66C00A3BB0F;
					};
					8C1F249F2306E67300A3BB0F = {
						CreatedOnToolsVersion = 10.1;
						TestTargetID = 8C1F247E2306E66C00A3BB0F;
					};
				};
			};
			buildConfigurationList = 8C1F247A2306E66C00A3BB0F /* Build configuration list for PBXProject "ECF App" */;
			compatibilityVersion = "Xcode 9.3";
			developmentRegion = en;
			hasScannedForEncodings = 0;
			knownRegions = (
				en,
				Base,
			);
			mainGroup = 8C1F24762306E66C00A3BB0F;
			productRefGroup = 8C1F24802306E66C00A3BB0F /* Products */;
			projectDirPath = "";
			projectRoot = "";
			targets = (
				8C1F247E2306E66C00A3BB0F /* ECF App */,
				8C1F24942306E67200A3BB0F /* ECF AppTests */,
				8C1F249F2306E67300A3BB0F /* ECF AppUITests */,
			);
		};
/* End PBXProject section */

/* Begin PBXResourcesBuildPhase section */
		8C1F247D2306E66C00A3BB0F /* Resources */ = {
			isa = PBXResourcesBuildPhase;
			buildActionMask = 2147483647;
			files = (
				8C1F248F2306E67200A3BB0F /* LaunchScreen.storyboard in Resources */,
				8C1F248C2306E67200A3BB0F /* Assets.xcassets in Resources */,
				8C1F248A2306E66C00A3BB0F /* Main.storyboard in Resources */,
				8C1F24BA2306F2CE00A3BB0F /* grades201901.csv in Resources */,
				8C1F24B92306F2CE00A3BB0F /* grades201907.csv in Resources */,
			);
			runOnlyForDeploymentPostprocessing = 0;
		};
		8C1F24932306E67200A3BB0F /* Resources */ = {
			isa = PBXResourcesBuildPhase;
			buildActionMask = 2147483647;
			files = (
			);
			runOnlyForDeploymentPostprocessing = 0;
		};
		8C1F249E2306E67300A3BB0F /* Resources */ = {
			isa = PBXResourcesBuildPhase;
			buildActionMask = 2147483647;
			files = (
			);
			runOnlyForDeploymentPostprocessing = 0;
		};
/* End PBXResourcesBuildPhase section */

/* Begin PBXSourcesBuildPhase section */
		8C1F247B2306E66C00A3BB0F /* Sources */ = {
			isa = PBXSourcesBuildPhase;
			buildActionMask = 2147483647;
			files = (
				8C5C2A8223083EAC002D4201 /* ClubCollectionViewCell.swift in Sources */,
				8C1F24B32306EE2E00A3BB0F /* Singleton.swift in Sources */,
				8C5C2A8423083FBB002D4201 /* SettingsViewController.swift in Sources */,
				8C1F24832306E66C00A3BB0F /* AppDelegate.swift in Sources */,
				8C5C2A7E23080D88002D4201 /* ProfileViewController.swift in Sources */,
				8C5C2A8023082E38002D4201 /* ScoresTableViewCell.swift in Sources */,
				8C1F24B52306F24E00A3BB0F /* DataLoadViewController.swift in Sources */,
			);
			runOnlyForDeploymentPostprocessing = 0;
		};
		8C1F24912306E67200A3BB0F /* Sources */ = {
			isa = PBXSourcesBuildPhase;
			buildActionMask = 2147483647;
			files = (
				8C1F249A2306E67200A3BB0F /* ECF_AppTests.swift in Sources */,
			);
			runOnlyForDeploymentPostprocessing = 0;
		};
		8C1F249C2306E67300A3BB0F /* Sources */ = {
			isa = PBXSourcesBuildPhase;
			buildActionMask = 2147483647;
			files = (
				8C1F24A52306E67300A3BB0F /* ECF_AppUITests.swift in Sources */,
			);
			runOnlyForDeploymentPostprocessing = 0;
		};
/* End PBXSourcesBuildPhase section */

/* Begin PBXTargetDependency section */
		8C1F24972306E67200A3BB0F /* PBXTargetDependency */ = {
			isa = PBXTargetDependency;
			target = 8C1F247E2306E66C00A3BB0F /* ECF App */;
			targetProxy = 8C1F24962306E67200A3BB0F /* PBXContainerItemProxy */;
		};
		8C1F24A22306E67300A3BB0F /* PBXTargetDependency */ = {
			isa = PBXTargetDependency;
			target = 8C1F247E2306E66C00A3BB0F /* ECF App */;
			targetProxy = 8C1F24A12306E67300A3BB0F /* PBXContainerItemProxy */;
		};
/* End PBXTargetDependency section */

/* Begin PBXVariantGroup section */
		8C1F24882306E66C00A3BB0F /* Main.storyboard */ = {
			isa = PBXVariantGroup;
			children = (
				8C1F24892306E66C00A3BB0F /* Base */,
			);
			name = Main.storyboard;
			sourceTree = "<group>";
		};
		8C1F248D2306E67200A3BB0F /* LaunchScreen.storyboard */ = {
			isa = PBXVariantGroup;
			children = (
				8C1F248E2306E67200A3BB0F /* Base */,
			);
			name = LaunchScreen.storyboard;
			sourceTree = "<group>";
		};
/* End PBXVariantGroup section */

/* Begin XCBuildConfiguration section */
		8C1F24A72306E67300A3BB0F /* Debug */ = {
			isa = XCBuildConfiguration;
			buildSettings = {
				ALWAYS_SEARCH_USER_PATHS = NO;
				CLANG_ANALYZER_NONNULL = YES;
				CLANG_ANALYZER_NUMBER_OBJECT_CONVERSION = YES_AGGRESSIVE;
				CLANG_CXX_LANGUAGE_STANDARD = "gnu++14";
				CLANG_CXX_LIBRARY = "libc++";
				CLANG_ENABLE_MODULES = YES;
				CLANG_ENABLE_OBJC_ARC = YES;
				CLANG_ENABLE_OBJC_WEAK = YES;
				CLANG_WARN_BLOCK_CAPTURE_AUTORELEASING = YES;
				CLANG_WARN_BOOL_CONVERSION = YES;
				CLANG_WARN_COMMA = YES;
				CLANG_WARN_CONSTANT_CONVERSION = YES;
				CLANG_WARN_DEPRECATED_OBJC_IMPLEMENTATIONS = YES;
				CLANG_WARN_DIRECT_OBJC_ISA_USAGE = YES_ERROR;
				CLANG_WARN_DOCUMENTATION_COMMENTS = YES;
				CLANG_WARN_EMPTY_BODY = YES;
				CLANG_WARN_ENUM_CONVERSION = YES;
				CLANG_WARN_INFINITE_RECURSION = YES;
				CLANG_WARN_INT_CONVERSION = YES;
				CLANG_WARN_NON_LITERAL_NULL_CONVERSION = YES;
				CLANG_WARN_OBJC_IMPLICIT_RETAIN_SELF = YES;
				CLANG_WARN_OBJC_LITERAL_CONVERSION = YES;
				CLANG_WARN_OBJC_ROOT_CLASS = YES_ERROR;
				CLANG_WARN_RANGE_LOOP_ANALYSIS = YES;
				CLANG_WARN_STRICT_PROTOTYPES = YES;
				CLANG_WARN_SUSPICIOUS_MOVE = YES;
				CLANG_WARN_UNGUARDED_AVAILABILITY = YES_AGGRESSIVE;
				CLANG_WARN_UNREACHABLE_CODE = YES;
				CLANG_WARN__DUPLICATE_METHOD_MATCH = YES;
				CODE_SIGN_IDENTITY = "iPhone Developer";
				COPY_PHASE_STRIP = NO;
				DEBUG_INFORMATION_FORMAT = dwarf;
				ENABLE_STRICT_OBJC_MSGSEND = YES;
				ENABLE_TESTABILITY = YES;
				GCC_C_LANGUAGE_STANDARD = gnu11;
				GCC_DYNAMIC_NO_PIC = NO;
				GCC_NO_COMMON_BLOCKS = YES;
				GCC_OPTIMIZATION_LEVEL = 0;
				GCC_PREPROCESSOR_DEFINITIONS = (
					"DEBUG=1",
					"$(inherited)",
				);
				GCC_WARN_64_TO_32_BIT_CONVERSION = YES;
				GCC_WARN_ABOUT_RETURN_TYPE = YES_ERROR;
				GCC_WARN_UNDECLARED_SELECTOR = YES;
				GCC_WARN_UNINITIALIZED_AUTOS = YES_AGGRESSIVE;
				GCC_WARN_UNUSED_FUNCTION = YES;
				GCC_WARN_UNUSED_VARIABLE = YES;
				IPHONEOS_DEPLOYMENT_TARGET = 12.1;
				MTL_ENABLE_DEBUG_INFO = INCLUDE_SOURCE;
				MTL_FAST_MATH = YES;
				ONLY_ACTIVE_ARCH = YES;
				SDKROOT = iphoneos;
				SWIFT_ACTIVE_COMPILATION_CONDITIONS = DEBUG;
				SWIFT_OPTIMIZATION_LEVEL = "-Onone";
			};
			name = Debug;
		};
		8C1F24A82306E67300A3BB0F /* Release */ = {
			isa = XCBuildConfiguration;
			buildSettings = {
				ALWAYS_SEARCH_USER_PATHS = NO;
				CLANG_ANALYZER_NONNULL = YES;
				CLANG_ANALYZER_NUMBER_OBJECT_CONVERSION = YES_AGGRESSIVE;
				CLANG_CXX_LANGUAGE_STANDARD = "gnu++14";
				CLANG_CXX_LIBRARY = "libc++";
				CLANG_ENABLE_MODULES = YES;
				CLANG_ENABLE_OBJC_ARC = YES;
				CLANG_ENABLE_OBJC_WEAK = YES;
				CLANG_WARN_BLOCK_CAPTURE_AUTORELEASING = YES;
				CLANG_WARN_BOOL_CONVERSION = YES;
				CLANG_WARN_COMMA = YES;
				CLANG_WARN_CONSTANT_CONVERSION = YES;
				CLANG_WARN_DEPRECATED_OBJC_IMPLEMENTATIONS = YES;
				CLANG_WARN_DIRECT_OBJC_ISA_USAGE = YES_ERROR;
				CLANG_WARN_DOCUMENTATION_COMMENTS = YES;
				CLANG_WARN_EMPTY_BODY = YES;
				CLANG_WARN_ENUM_CONVERSION = YES;
				CLANG_WARN_INFINITE_RECURSION = YES;
				CLANG_WARN_INT_CONVERSION = YES;
				CLANG_WARN_NON_LITERAL_NULL_CONVERSION = YES;
				CLANG_WARN_OBJC_IMPLICIT_RETAIN_SELF = YES;
				CLANG_WARN_OBJC_LITERAL_CONVERSION = YES;
				CLANG_WARN_OBJC_ROOT_CLASS = YES_ERROR;
				CLANG_WARN_RANGE_LOOP_ANALYSIS = YES;
				CLANG_WARN_STRICT_PROTOTYPES = YES;
				CLANG_WARN_SUSPICIOUS_MOVE = YES;
				CLANG_WARN_UNGUARDED_AVAILABILITY = YES_AGGRESSIVE;
				CLANG_WARN_UNREACHABLE_CODE = YES;
				CLANG_WARN__DUPLICATE_METHOD_MATCH = YES;
				CODE_SIGN_IDENTITY = "iPhone Developer";
				COPY_PHASE_STRIP = NO;
				DEBUG_INFORMATION_FORMAT = "dwarf-with-dsym";
				ENABLE_NS_ASSERTIONS = NO;
				ENABLE_STRICT_OBJC_MSGSEND = YES;
				GCC_C_LANGUAGE_STANDARD = gnu11;
				GCC_NO_COMMON_BLOCKS = YES;
				GCC_WARN_64_TO_32_BIT_CONVERSION = YES;
				GCC_WARN_ABOUT_RETURN_TYPE = YES_ERROR;
				GCC_WARN_UNDECLARED_SELECTOR = YES;
				GCC_WARN_UNINITIALIZED_AUTOS = YES_AGGRESSIVE;
				GCC_WARN_UNUSED_FUNCTION = YES;
				GCC_WARN_UNUSED_VARIABLE = YES;
				IPHONEOS_DEPLOYMENT_TARGET = 12.1;
				MTL_ENABLE_DEBUG_INFO = NO;
				MTL_FAST_MATH = YES;
				SDKROOT = iphoneos;
				SWIFT_COMPILATION_MODE = wholemodule;
				SWIFT_OPTIMIZATION_LEVEL = "-O";
				VALIDATE_PRODUCT = YES;
			};
			name = Release;
		};
		8C1F24AA2306E67300A3BB0F /* Debug */ = {
			isa = XCBuildConfiguration;
			buildSettings = {
				ASSETCATALOG_COMPILER_APPICON_NAME = AppIcon;
				CODE_SIGN_STYLE = Automatic;
				DEVELOPMENT_TEAM = 2B66H5BK49;
				INFOPLIST_FILE = "ECF App/Info.plist";
				LD_RUNPATH_SEARCH_PATHS = (
					"$(inherited)",
					"@executable_path/Frameworks",
				);
				PRODUCT_BUNDLE_IDENTIFIER = "ab.ECF-App";
				PRODUCT_NAME = "$(TARGET_NAME)";
				SWIFT_VERSION = 4.2;
				TARGETED_DEVICE_FAMILY = "1,2";
			};
			name = Debug;
		};
		8C1F24AB2306E67300A3BB0F /* Release */ = {
			isa = XCBuildConfiguration;
			buildSettings = {
				ASSETCATALOG_COMPILER_APPICON_NAME = AppIcon;
				CODE_SIGN_STYLE = Automatic;
				DEVELOPMENT_TEAM = 2B66H5BK49;
				INFOPLIST_FILE = "ECF App/Info.plist";
				LD_RUNPATH_SEARCH_PATHS = (
					"$(inherited)",
					"@executable_path/Frameworks",
				);
				PRODUCT_BUNDLE_IDENTIFIER = "ab.ECF-App";
				PRODUCT_NAME = "$(TARGET_NAME)";
				SWIFT_VERSION = 4.2;
				TARGETED_DEVICE_FAMILY = "1,2";
			};
			name = Release;
		};
		8C1F24AD2306E67300A3BB0F /* Debug */ = {
			isa = XCBuildConfiguration;
			buildSettings = {
				ALWAYS_EMBED_SWIFT_STANDARD_LIBRARIES = YES;
				BUNDLE_LOADER = "$(TEST_HOST)";
				CODE_SIGN_STYLE = Automatic;
				DEVELOPMENT_TEAM = 2B66H5BK49;
				INFOPLIST_FILE = "ECF AppTests/Info.plist";
				LD_RUNPATH_SEARCH_PATHS = (
					"$(inherited)",
					"@executable_path/Frameworks",
					"@loader_path/Frameworks",
				);
				PRODUCT_BUNDLE_IDENTIFIER = "ab.ECF-AppTests";
				PRODUCT_NAME = "$(TARGET_NAME)";
				SWIFT_VERSION = 4.2;
				TARGETED_DEVICE_FAMILY = "1,2";
				TEST_HOST = "$(BUILT_PRODUCTS_DIR)/ECF App.app/ECF App";
			};
			name = Debug;
		};
		8C1F24AE2306E67300A3BB0F /* Release */ = {
			isa = XCBuildConfiguration;
			buildSettings = {
				ALWAYS_EMBED_SWIFT_STANDARD_LIBRARIES = YES;
				BUNDLE_LOADER = "$(TEST_HOST)";
				CODE_SIGN_STYLE = Automatic;
				DEVELOPMENT_TEAM = 2B66H5BK49;
				INFOPLIST_FILE = "ECF AppTests/Info.plist";
				LD_RUNPATH_SEARCH_PATHS = (
					"$(inherited)",
					"@executable_path/Frameworks",
					"@loader_path/Frameworks",
				);
				PRODUCT_BUNDLE_IDENTIFIER = "ab.ECF-AppTests";
				PRODUCT_NAME = "$(TARGET_NAME)";
				SWIFT_VERSION = 4.2;
				TARGETED_DEVICE_FAMILY = "1,2";
				TEST_HOST = "$(BUILT_PRODUCTS_DIR)/ECF App.app/ECF App";
			};
			name = Release;
		};
		8C1F24B02306E67300A3BB0F /* Debug */ = {
			isa = XCBuildConfiguration;
			buildSettings = {
				ALWAYS_EMBED_SWIFT_STANDARD_LIBRARIES = YES;
				CODE_SIGN_STYLE = Automatic;
				DEVELOPMENT_TEAM = 2B66H5BK49;
				INFOPLIST_FILE = "ECF AppUITests/Info.plist";
				LD_RUNPATH_SEARCH_PATHS = (
					"$(inherited)",
					"@executable_path/Frameworks",
					"@loader_path/Frameworks",
				);
				PRODUCT_BUNDLE_IDENTIFIER = "ab.ECF-AppUITests";
				PRODUCT_NAME = "$(TARGET_NAME)";
				SWIFT_VERSION = 4.2;
				TARGETED_DEVICE_FAMILY = "1,2";
				TEST_TARGET_NAME = "ECF App";
			};
			name = Debug;
		};
		8C1F24B12306E67300A3BB0F /* Release */ = {
			isa = XCBuildConfiguration;
			buildSettings = {
				ALWAYS_EMBED_SWIFT_STANDARD_LIBRARIES = YES;
				CODE_SIGN_STYLE = Automatic;
				DEVELOPMENT_TEAM = 2B66H5BK49;
				INFOPLIST_FILE = "ECF AppUITests/Info.plist";
				LD_RUNPATH_SEARCH_PATHS = (
					"$(inherited)",
					"@executable_path/Frameworks",
					"@loader_path/Frameworks",
				);
				PRODUCT_BUNDLE_IDENTIFIER = "ab.ECF-AppUITests";
				PRODUCT_NAME = "$(TARGET_NAME)";
				SWIFT_VERSION = 4.2;
				TARGETED_DEVICE_FAMILY = "1,2";
				TEST_TARGET_NAME = "ECF App";
			};
			name = Release;
		};
/* End XCBuildConfiguration section */

/* Begin XCConfigurationList section */
		8C1F247A2306E66C00A3BB0F /* Build configuration list for PBXProject "ECF App" */ = {
			isa = XCConfigurationList;
			buildConfigurations = (
				8C1F24A72306E67300A3BB0F /* Debug */,
				8C1F24A82306E67300A3BB0F /* Release */,
			);
			defaultConfigurationIsVisible = 0;
			defaultConfigurationName = Release;
		};
		8C1F24A92306E67300A3BB0F /* Build configuration list for PBXNativeTarget "ECF App" */ = {
			isa = XCConfigurationList;
			buildConfigurations = (
				8C1F24AA2306E67300A3BB0F /* Debug */,
				8C1F24AB2306E67300A3BB0F /* Release */,
			);
			defaultConfigurationIsVisible = 0;
			defaultConfigurationName = Release;
		};
		8C1F24AC2306E67300A3BB0F /* Build configuration list for PBXNativeTarget "ECF AppTests" */ = {
			isa = XCConfigurationList;
			buildConfigurations = (
				8C1F24AD2306E67300A3BB0F /* Debug */,
				8C1F24AE2306E67300A3BB0F /* Release */,
			);
			defaultConfigurationIsVisible = 0;
			defaultConfigurationName = Release;
		};
		8C1F24AF2306E67300A3BB0F /* Build configuration list for PBXNativeTarget "ECF AppUITests" */ = {
			isa = XCConfigurationList;
			buildConfigurations = (
				8C1F24B02306E67300A3BB0F /* Debug */,
				8C1F24B12306E67300A3BB0F /* Release */,
			);
			defaultConfigurationIsVisible = 0;
			defaultConfigurationName = Release;
		};
/* End XCConfigurationList section */
	};
	rootObject = 8C1F24772306E66C00A3BB0F /* Project object */;
}
